
Microsoft Visual Studio Solution File, Format Version 12.00
# Visual Studio Version 16
VisualStudioVersion = 16.0.809.7
MinimumVisualStudioVersion = 10.0.40219.1
Project("{FAE04EC0-301F-11D3-BF4B-00C04F79EFBC}") = "getjarstats", "getjarstats\getjarstats.csproj", "{17C4BA68-984B-47F7-9385-D2183731055C}"
EndProject
Global
	GlobalSection(SolutionConfigurationPlatforms) = preSolution
		Debug|Any CPU = Debug|Any CPU
		Release|Any CPU = Release|Any CPU
	EndGlobalSection
	GlobalSection(ProjectConfigurationPlatforms) = postSolution
		{17C4BA68-984B-47F7-9385-D2183731055C}.Debug|Any CPU.ActiveCfg = Debug|Any CPU
		{17C4BA68-984B-47F7-9385-D2183731055C}.Debug|Any CPU.Build.0 = Debug|Any CPU
		{17C4BA68-984B-47F7-9385-D2183731055C}.Release|Any CPU.ActiveCfg = Release|Any CPU
		{17C4BA68-984B-47F7-9385-D2183731055C}.Release|Any CPU.Build.0 = Release|Any CPU
	EndGlobalSection
	GlobalSection(SolutionProperties) = preSolution
		HideSolutionNode = FALSE
	EndGlobalSection
	GlobalSection(ExtensibilityGlobals) = postSolution
		SolutionGuid = {A5892112-B60C-4EEF-A7A5-EFD7CEDE91B8}
	EndGlobalSection
EndGlobal
